<?xml version="1.0" encoding="utf-8"?>
<Project ToolsVersion="4.0" xmlns="http://schemas.microsoft.com/developer/msbuild/2003">
  <ItemGroup>
    <Filter Include="소스 파일">
      <UniqueIdentifier>{4FC737F1-C7A5-4376-A066-2A32D752A2FF}</UniqueIdentifier>
      <Extensions>cpp;c;cc;cxx;def;odl;idl;hpj;bat;asm;asmx</Extensions>
    </Filter>
    <Filter Include="리소스 파일">
      <UniqueIdentifier>{67DA6AB6-F800-4c08-8B7A-83BB121AAD01}</UniqueIdentifier>
      <Extensions>rc;ico;cur;bmp;dlg;rc2;rct;bin;rgs;gif;jpg;jpeg;jpe;resx;tiff;tif;png;wav;mfcribbon-ms</Extensions>
    </Filter>
    <Filter Include="소스 파일\헤더">
      <UniqueIdentifier>{a3ff8f41-e4eb-489a-bdc3-9abc1e19f859}</UniqueIdentifier>
    </Filter>
    <Filter Include="소스 파일\cpp">
      <UniqueIdentifier>{2aaeea15-5508-4ac5-99e8-8feb33a06483}</UniqueIdentifier>
    </Filter>
    <Filter Include="소스 파일\셰이더 코드">
      <UniqueIdentifier>{5f3b8c3f-0a75-42c4-871c-ea1e1cfb1ab2}</UniqueIdentifier>
    </Filter>
  </ItemGroup>
  <ItemGroup>
    <ClCompile Include="main.cpp">
      <Filter>소스 파일\cpp</Filter>
    </ClCompile>
    <ClCompile Include="object.cpp">
      <Filter>소스 파일\cpp</Filter>
    </ClCompile>
    <ClCompile Include="sphere.cpp">
      <Filter>소스 파일\cpp</Filter>
    </ClCompile>
    <ClCompile Include="line.cpp">
      <Filter>소스 파일\cpp</Filter>
    </ClCompile>
    <ClCompile Include="flat.cpp">
      <Filter>소스 파일\cpp</Filter>
    </ClCompile>
    <ClCompile Include="cube.cpp">
      <Filter>소스 파일\cpp</Filter>
    </ClCompile>
    <ClCompile Include="pyramid.cpp">
      <Filter>소스 파일\cpp</Filter>
    </ClCompile>
    <ClCompile Include="arrow.cpp">
      <Filter>소스 파일\cpp</Filter>
    </ClCompile>
  </ItemGroup>
  <ItemGroup>
    <None Include="vertexA.glsl">
      <Filter>소스 파일\셰이더 코드</Filter>
    </None>
    <None Include="fgA.glsl">
      <Filter>소스 파일\셰이더 코드</Filter>
    </None>
  </ItemGroup>
  <ItemGroup>
    <ClInclude Include="stb_image.h">
      <Filter>소스 파일\헤더</Filter>
    </ClInclude>
    <ClInclude Include="object.h">
      <Filter>소스 파일\헤더</Filter>
    </ClInclude>
    <ClInclude Include="stdafx.h">
      <Filter>소스 파일\헤더</Filter>
    </ClInclude>
    <ClInclude Include="main.h">
      <Filter>소스 파일\헤더</Filter>
    </ClInclude>
    <ClInclude Include="sphere.h">
      <Filter>소스 파일\헤더</Filter>
    </ClInclude>
    <ClInclude Include="line.h">
      <Filter>소스 파일\헤더</Filter>
    </ClInclude>
    <ClInclude Include="flat.h">
      <Filter>소스 파일\헤더</Filter>
    </ClInclude>
    <ClInclude Include="cube.h">
      <Filter>소스 파일\헤더</Filter>
    </ClInclude>
    <ClInclude Include="pyramid.h">
      <Filter>소스 파일\헤더</Filter>
    </ClInclude>
    <ClInclude Include="arrow.h">
      <Filter>소스 파일\헤더</Filter>
    </ClInclude>
  </ItemGroup>
</Project>